
Microsoft Visual Studio Solution File, Format Version 12.00
# Visual Studio Version 16
VisualStudioVersion = 16.0.31515.178
MinimumVisualStudioVersion = 10.0.40219.1
Project("{FAE04EC0-301F-11D3-BF4B-00C04F79EFBC}") = "PSPEditWeb", "PSPEditWeb\PSPEditWeb.csproj", "{C20F2E18-BBB9-478E-9549-8F1959E37128}"
EndProject
Global
	GlobalSection(SolutionConfigurationPlatforms) = preSolution
		Debug|Any CPU = Debug|Any CPU
		Release|Any CPU = Release|Any CPU
	EndGlobalSection
	GlobalSection(ProjectConfigurationPlatforms) = postSolution
		{C20F2E18-BBB9-478E-9549-8F1959E37128}.Debug|Any CPU.ActiveCfg = Debug|Any CPU
		{C20F2E18-BBB9-478E-9549-8F1959E37128}.Debug|Any CPU.Build.0 = Debug|Any CPU
		{C20F2E18-BBB9-478E-9549-8F1959E37128}.Release|Any CPU.ActiveCfg = Release|Any CPU
		{C20F2E18-BBB9-478E-9549-8F1959E37128}.Release|Any CPU.Build.0 = Release|Any CPU
	EndGlobalSection
	GlobalSection(SolutionProperties) = preSolution
		HideSolutionNode = FALSE
	EndGlobalSection
	GlobalSection(ExtensibilityGlobals) = postSolution
		SolutionGuid = {827AEB44-E0CC-4F5E-8FE4-18121CA28829}
	EndGlobalSection
EndGlobal
